
Microsoft Visual Studio Solution File, Format Version 12.00
# Visual Studio Version 17
VisualStudioVersion = 17.2.32526.322
MinimumVisualStudioVersion = 10.0.40219.1
Project("{8BC9CEB8-8B4A-11D0-8D11-00A0C91BC942}") = "Matrix", "Matrix.vcxproj", "{100E96FD-7644-4ECA-981D-192AF80A3F6C}"
EndProject
Global
	GlobalSection(SolutionConfigurationPlatforms) = preSolution
		Debug|x64 = Debug|x64
		Debug|x86 = Debug|x86
		Release|x64 = Release|x64
		Release|x86 = Release|x86
	EndGlobalSection
	GlobalSection(ProjectConfigurationPlatforms) = postSolution
		{100E96FD-7644-4ECA-981D-192AF80A3F6C}.Debug|x64.ActiveCfg = Debug|x64
		{100E96FD-7644-4ECA-981D-192AF80A3F6C}.Debug|x64.Build.0 = Debug|x64
		{100E96FD-7644-4ECA-981D-192AF80A3F6C}.Debug|x86.ActiveCfg = Debug|Win32
		{100E96FD-7644-4ECA-981D-192AF80A3F6C}.Debug|x86.Build.0 = Debug|Win32
		{100E96FD-7644-4ECA-981D-192AF80A3F6C}.Release|x64.ActiveCfg = Release|x64
		{100E96FD-7644-4ECA-981D-192AF80A3F6C}.Release|x64.Build.0 = Release|x64
		{100E96FD-7644-4ECA-981D-192AF80A3F6C}.Release|x86.ActiveCfg = Release|Win32
		{100E96FD-7644-4ECA-981D-192AF80A3F6C}.Release|x86.Build.0 = Release|Win32
	EndGlobalSection
	GlobalSection(SolutionProperties) = preSolution
		HideSolutionNode = FALSE
	EndGlobalSection
	GlobalSection(ExtensibilityGlobals) = postSolution
		SolutionGuid = {6CA05476-65B4-4BA1-B1D7-6BB637E6A3E0}
	EndGlobalSection
EndGlobal
